<Solution>
  <Folder Name="/Additional Services/">
    <Project Path="Additional Services/InstallerService/SoftwareCenter.InstallerService.csproj" />
    <Project Path="Additional Services/Launcher/SoftwareCenter.Launcher.csproj" />
  </Folder>
  <Folder Name="/Contract, UI &amp; Routing/">
    <Project Path="Contract, UI &amp; Routing/Core/SoftwareCenter.Core.csproj" />
    <Project Path="Contract, UI &amp; Routing/Kernel/SoftwareCenter.Kernel.csproj" />
    <Project Path="Contract, UI &amp; Routing/UIManager/SoftwareCenter.UIManager.csproj" />
  </Folder>
  <Folder Name="/Metadata/" />
  <Folder Name="/Metadata/AI.Agent/">
    <File Path="Metadata/AI.Agent/Project_History_Log.md" />
    <File Path="Metadata/AI.Agent/Project_Implementation_Plan.md" />
    <File Path="Metadata/AI.Agent/Project_Structure.md" />
  </Folder>
  <Folder Name="/Metadata/AppManager/">
    <File Path="Metadata/AppManager/Project_History_Log.md" />
    <File Path="Metadata/AppManager/Project_Implementation_Plan.md" />
    <File Path="Metadata/AppManager/Project_Structure.md" />
  </Folder>
  <Folder Name="/Metadata/Core/">
    <File Path="Metadata/Core/Project_History_Log.md" />
    <File Path="Metadata/Core/Project_Implementation_Plan.md" />
    <File Path="Metadata/Core/Project_Structure.md" />
  </Folder>
  <Folder Name="/Metadata/CredManager/">
    <File Path="Metadata/CredManager/Project_History_Log.md" />
    <File Path="Metadata/CredManager/Project_Implementation_Plan.md" />
    <File Path="Metadata/CredManager/Project_Structure.md" />
  </Folder>
  <Folder Name="/Metadata/DBManager/">
    <File Path="Metadata/DBManager/Project_History_Log.md" />
    <File Path="Metadata/DBManager/Project_Implementation_Plan.md" />
    <File Path="Metadata/DBManager/Project_Structure.md" />
  </Folder>
  <Folder Name="/Metadata/Global/">
    <File Path="Metadata/Global/Ideas_and_Concepts.md" />
    <File Path="Metadata/Global/Overall Requirement.md" />
    <File Path="Metadata/Global/Project Structure.md" />
    <File Path="Metadata/Global/Project_Development_Plan.md" />
    <File Path="Metadata/Global/Project_Overview_Compressed.md" />
    <File Path="Metadata/Global/Project_Requirements.md" />
  </Folder>
  <Folder Name="/Metadata/Host/">
    <File Path="Metadata/Host/Project_History_Log.md" />
    <File Path="Metadata/Host/Project_Implementation_Plan.md" />
    <File Path="Metadata/Host/Project_Structure.md" />
  </Folder>
  <Folder Name="/Metadata/InstallerService/">
    <File Path="Metadata/InstallerService/Project_History_Log.md" />
    <File Path="Metadata/InstallerService/Project_Implementation_Plan.md" />
    <File Path="Metadata/InstallerService/Project_Structure.md" />
  </Folder>
  <Folder Name="/Metadata/Kernel/">
    <File Path="Metadata/Kernel/Project_History_Log.md" />
    <File Path="Metadata/Kernel/Project_Implementation_Plan.md" />
    <File Path="Metadata/Kernel/Project_Structure.md" />
  </Folder>
  <Folder Name="/Metadata/Launcher/">
    <File Path="Metadata/Launcher/Project_History_Log.md" />
    <File Path="Metadata/Launcher/Project_Implementation_Plan.md" />
    <File Path="Metadata/Launcher/Project_Structure.md" />
  </Folder>
  <Folder Name="/Metadata/LogNotifManager/">
    <File Path="Metadata/LogNotifManager/Project_History_Log.md" />
    <File Path="Metadata/LogNotifManager/Project_Implementation_Plan.md" />
    <File Path="Metadata/LogNotifManager/Project_Structure.md" />
  </Folder>
  <Folder Name="/Metadata/SourceManager/">
    <File Path="Metadata/SourceManager/Project_History_Log.md" />
    <File Path="Metadata/SourceManager/Project_Implementation_Plan.md" />
    <File Path="Metadata/SourceManager/Project_Structure.md" />
  </Folder>
  <Folder Name="/Metadata/UI.Engine/">
    <File Path="Metadata/UI.Engine/Project_History_Log.md" />
    <File Path="Metadata/UI.Engine/Project_Implementation_Plan.md" />
    <File Path="Metadata/UI.Engine/Project_Structure.md" />
  </Folder>
  <Folder Name="/Modules/">
    <Project Path="Modules/AI.Agent/SoftwareCenter.Module.AI.Agent.csproj" />
    <Project Path="Modules/AppManager/SoftwareCenter.Module.AppManager.csproj" />
    <Project Path="Modules/CredManager/SoftwareCenter.Module.CredManager.csproj" />
    <Project Path="Modules/DBManager/SoftwareCenter.Module.DBManager.csproj" />
    <Project Path="Modules/LogNotifManager/SoftwareCenter.Module.LogNotifManager.csproj" />
    <Project Path="Modules/SourceManager/SoftwareCenter.Module.SourceManager.csproj" />
  </Folder>
  <Folder Name="/Solution Items/">
    <File Path="Directory.Build.props" />
  </Folder>
  <Project Path="Host/SoftwareCenter.Host.csproj" />
</Solution>
